<?xml version="1.0" encoding="UTF-8"?>
<Scheme
   LastUpgradeVersion = "1620"
   version = "1.7">
   <BuildAction
      parallelizeBuildables = "YES"
      buildImplicitDependencies = "YES"
      buildArchitectures = "Automatic">
      <PreActions>
         <ExecutionAction
            ActionType = "Xcode.IDEStandardExecutionActionsCore.ExecutionActionType.ShellScriptAction">
            <ActionContent
               title = "Prepare Solyvis App Icons"
               scriptText = "set -eu&#10;ASSET_DIR=&quot;${SRCROOT}/iosApp/Assets.xcassets&quot;&#10;LIGHT_SRC=&quot;${ASSET_DIR}/Solyvis_white.png&quot;&#10;DARK_SRC=&quot;${ASSET_DIR}/Solyvis_Black.png&quot;&#10;if [ ! -f &quot;${LIGHT_SRC}&quot; ] || [ ! -f &quot;${DARK_SRC}&quot; ]; then&#10;  echo &quot;error: Solyvis branding masters are missing&quot;&#10;  exit 1&#10;fi&#10;for ICON_SET in AppIcon AppIconArcticBlue AppIconCopper AppIconEmerald AppIconRoseGold; do&#10;  /usr/bin/sips --cropToHeightWidth 1024 1024 &quot;${LIGHT_SRC}&quot; --out &quot;${ASSET_DIR}/${ICON_SET}.appiconset/app-icon-1024.png&quot; &gt;/dev/null&#10;done&#10;/usr/bin/sips --cropToHeightWidth 1024 1024 &quot;${DARK_SRC}&quot; --out &quot;${ASSET_DIR}/AppIcon.appiconset/app-icon-dark-1024.png&quot; &gt;/dev/null&#10;/usr/bin/sips --cropToHeightWidth 1024 1024 &quot;${DARK_SRC}&quot; --out &quot;${ASSET_DIR}/AppIconGraphite.appiconset/app-icon-1024.png&quot; &gt;/dev/null&#10;echo &quot;Prepared all Solyvis primary and alternate AppIcon artwork at 1024x1024&quot;&#10;">
               <EnvironmentBuildable>
                  <BuildableReference
                     BuildableIdentifier = "primary"
                     BlueprintIdentifier = "E1B229BC363ABB711AF255E3"
                     BuildableName = "Solyvis.app"
                     BlueprintName = "iosApp"
                     ReferencedContainer = "container:iosApp.xcodeproj">
                  </BuildableReference>
               </EnvironmentBuildable>
            </ActionContent>
         </ExecutionAction>
      </PreActions>
      <BuildActionEntries>
         <BuildActionEntry
            buildForTesting = "YES"
            buildForRunning = "YES"
            buildForProfiling = "YES"
            buildForArchiving = "YES"
            buildForAnalyzing = "YES">
            <BuildableReference
               BuildableIdentifier = "primary"
               BlueprintIdentifier = "E1B229BC363ABB711AF255E3"
               BuildableName = "Solyvis.app"
               BlueprintName = "iosApp"
               ReferencedContainer = "container:iosApp.xcodeproj">
            </BuildableReference>
         </BuildActionEntry>
      </BuildActionEntries>
   </BuildAction>
   <TestAction
      buildConfiguration = "Debug"
      selectedDebuggerIdentifier = "Xcode.DebuggerFoundation.Debugger.LLDB"
      selectedLauncherIdentifier = "Xcode.DebuggerFoundation.Launcher.LLDB"
      shouldUseLaunchSchemeArgsEnv = "YES"
      shouldAutocreateTestPlan = "YES">
   </TestAction>
   <LaunchAction
      buildConfiguration = "Debug"
      selectedDebuggerIdentifier = "Xcode.DebuggerFoundation.Debugger.LLDB"
      selectedLauncherIdentifier = "Xcode.DebuggerFoundation.Launcher.LLDB"
      launchStyle = "0"
      useCustomWorkingDirectory = "NO"
      ignoresPersistentStateOnLaunch = "NO"
      debugDocumentVersioning = "YES"
      debugServiceExtension = "internal"
      allowLocationSimulation = "YES">
      <BuildableProductRunnable
         runnableDebuggingMode = "0">
         <BuildableReference
            BuildableIdentifier = "primary"
            BlueprintIdentifier = "E1B229BC363ABB711AF255E3"
            BuildableName = "Solyvis.app"
            BlueprintName = "iosApp"
            ReferencedContainer = "container:iosApp.xcodeproj">
         </BuildableReference>
      </BuildableProductRunnable>
   </LaunchAction>
   <ProfileAction
      buildConfiguration = "Release"
      shouldUseLaunchSchemeArgsEnv = "YES"
      savedToolIdentifier = ""
      useCustomWorkingDirectory = "NO"
      debugDocumentVersioning = "YES">
      <BuildableProductRunnable
         runnableDebuggingMode = "0">
         <BuildableReference
            BuildableIdentifier = "primary"
            BlueprintIdentifier = "E1B229BC363ABB711AF255E3"
            BuildableName = "Solyvis.app"
            BlueprintName = "iosApp"
            ReferencedContainer = "container:iosApp.xcodeproj">
         </BuildableReference>
      </BuildableProductRunnable>
   </ProfileAction>
   <AnalyzeAction
      buildConfiguration = "Debug">
   </AnalyzeAction>
   <ArchiveAction
      buildConfiguration = "Release"
      revealArchiveInOrganizer = "YES">
   </ArchiveAction>
</Scheme>
